
Microsoft Visual Studio Solution File, Format Version 12.00
# Visual Studio Version 17
VisualStudioVersion = 17.12.35527.113
MinimumVisualStudioVersion = 10.0.40219.1
Project("{8BC9CEB8-8B4A-11D0-8D11-00A0C91BC942}") = "D5RC_VS", "D5RC_VS.vcxproj", "{D9C1F4A3-3143-4C0B-B642-CB62B3DA636F}"
EndProject
Project("{8BC9CEB8-8B4A-11D0-8D11-00A0C91BC942}") = "D5RAPI", "D5RAPI\D5RConcrollerAPI.vcxproj", "{D0DF683D-6C8E-4DF0-893D-C41458380593}"
EndProject
Project("{8BC9CEB8-8B4A-11D0-8D11-00A0C91BC942}") = "DebugProgram", "DebugProgram\DebugProgram.vcxproj", "{69A51D4E-BA0A-48D2-866A-C878129AEBA3}"
EndProject
Project("{2150E333-8FDC-42A3-9474-1A3956D46DE8}") = "解决方案项", "解决方案项", "{5031E09A-3CB4-4657-8E01-BA7165741791}"
	ProjectSection(SolutionItems) = preProject
		.gitignore = .gitignore
		README.md = README.md
	EndProjectSection
EndProject
Project("{8BC9CEB8-8B4A-11D0-8D11-00A0C91BC942}") = "D5RUnitTest", "D5RUnitTest\D5RUnitTest.vcxproj", "{5FF5C8C1-FB3B-44C9-8905-5B5BE995735A}"
EndProject
Project("{8BC9CEB8-8B4A-11D0-8D11-00A0C91BC942}") = "D5RWrapperClassLibrary", "D5RWrapperClassLibrary\D5RWrapperClassLibrary.vcxproj", "{BEF087C1-F2CE-4788-95B7-0BA1F19849F0}"
EndProject
Project("{FAE04EC0-301F-11D3-BF4B-00C04F79EFBC}") = "TestD5RobotWrapper", "TestD5RobotWrapper\TestD5RobotWrapper.csproj", "{8FE2B874-C3ED-42A9-BADF-2C7BE73F93B3}"
EndProject
Project("{8BC9CEB8-8B4A-11D0-8D11-00A0C91BC942}") = "ExceptionLib", "ExceptionLib\ExceptionLib.vcxproj", "{2DCE01E9-82B3-4B39-A11F-32060FE77A68}"
EndProject
Global
	GlobalSection(SolutionConfigurationPlatforms) = preSolution
		Debug|Any CPU = Debug|Any CPU
		Debug|x64 = Debug|x64
		Debug|x86 = Debug|x86
		Dll|Any CPU = Dll|Any CPU
		Dll|x64 = Dll|x64
		Dll|x86 = Dll|x86
		Release|Any CPU = Release|Any CPU
		Release|x64 = Release|x64
		Release|x86 = Release|x86
	EndGlobalSection
	GlobalSection(ProjectConfigurationPlatforms) = postSolution
		{D9C1F4A3-3143-4C0B-B642-CB62B3DA636F}.Debug|Any CPU.ActiveCfg = Debug|x64
		{D9C1F4A3-3143-4C0B-B642-CB62B3DA636F}.Debug|Any CPU.Build.0 = Debug|x64
		{D9C1F4A3-3143-4C0B-B642-CB62B3DA636F}.Debug|x64.ActiveCfg = Debug|x64
		{D9C1F4A3-3143-4C0B-B642-CB62B3DA636F}.Debug|x64.Build.0 = Debug|x64
		{D9C1F4A3-3143-4C0B-B642-CB62B3DA636F}.Debug|x86.ActiveCfg = Debug|Win32
		{D9C1F4A3-3143-4C0B-B642-CB62B3DA636F}.Debug|x86.Build.0 = Debug|Win32
		{D9C1F4A3-3143-4C0B-B642-CB62B3DA636F}.Dll|Any CPU.ActiveCfg = Dll|x64
		{D9C1F4A3-3143-4C0B-B642-CB62B3DA636F}.Dll|Any CPU.Build.0 = Dll|x64
		{D9C1F4A3-3143-4C0B-B642-CB62B3DA636F}.Dll|x64.ActiveCfg = Dll|x64
		{D9C1F4A3-3143-4C0B-B642-CB62B3DA636F}.Dll|x64.Build.0 = Dll|x64
		{D9C1F4A3-3143-4C0B-B642-CB62B3DA636F}.Dll|x86.ActiveCfg = Dll|Win32
		{D9C1F4A3-3143-4C0B-B642-CB62B3DA636F}.Dll|x86.Build.0 = Dll|Win32
		{D9C1F4A3-3143-4C0B-B642-CB62B3DA636F}.Release|Any CPU.ActiveCfg = Release|x64
		{D9C1F4A3-3143-4C0B-B642-CB62B3DA636F}.Release|Any CPU.Build.0 = Release|x64
		{D9C1F4A3-3143-4C0B-B642-CB62B3DA636F}.Release|x64.ActiveCfg = Release|x64
		{D9C1F4A3-3143-4C0B-B642-CB62B3DA636F}.Release|x64.Build.0 = Release|x64
		{D9C1F4A3-3143-4C0B-B642-CB62B3DA636F}.Release|x86.ActiveCfg = Release|Win32
		{D9C1F4A3-3143-4C0B-B642-CB62B3DA636F}.Release|x86.Build.0 = Release|Win32
		{D0DF683D-6C8E-4DF0-893D-C41458380593}.Debug|Any CPU.ActiveCfg = Debug|x64
		{D0DF683D-6C8E-4DF0-893D-C41458380593}.Debug|x64.ActiveCfg = Debug|x64
		{D0DF683D-6C8E-4DF0-893D-C41458380593}.Debug|x64.Build.0 = Debug|x64
		{D0DF683D-6C8E-4DF0-893D-C41458380593}.Debug|x86.ActiveCfg = Debug|Win32
		{D0DF683D-6C8E-4DF0-893D-C41458380593}.Debug|x86.Build.0 = Debug|Win32
		{D0DF683D-6C8E-4DF0-893D-C41458380593}.Dll|Any CPU.ActiveCfg = Dll|x64
		{D0DF683D-6C8E-4DF0-893D-C41458380593}.Dll|x64.ActiveCfg = Dll|x64
		{D0DF683D-6C8E-4DF0-893D-C41458380593}.Dll|x64.Build.0 = Dll|x64
		{D0DF683D-6C8E-4DF0-893D-C41458380593}.Dll|x86.ActiveCfg = Dll|Win32
		{D0DF683D-6C8E-4DF0-893D-C41458380593}.Dll|x86.Build.0 = Dll|Win32
		{D0DF683D-6C8E-4DF0-893D-C41458380593}.Release|Any CPU.ActiveCfg = Release|x64
		{D0DF683D-6C8E-4DF0-893D-C41458380593}.Release|x64.ActiveCfg = Release|x64
		{D0DF683D-6C8E-4DF0-893D-C41458380593}.Release|x64.Build.0 = Release|x64
		{D0DF683D-6C8E-4DF0-893D-C41458380593}.Release|x86.ActiveCfg = Release|Win32
		{D0DF683D-6C8E-4DF0-893D-C41458380593}.Release|x86.Build.0 = Release|Win32
		{69A51D4E-BA0A-48D2-866A-C878129AEBA3}.Debug|Any CPU.ActiveCfg = Debug|x64
		{69A51D4E-BA0A-48D2-866A-C878129AEBA3}.Debug|Any CPU.Build.0 = Debug|x64
		{69A51D4E-BA0A-48D2-866A-C878129AEBA3}.Debug|x64.ActiveCfg = Debug|x64
		{69A51D4E-BA0A-48D2-866A-C878129AEBA3}.Debug|x64.Build.0 = Debug|x64
		{69A51D4E-BA0A-48D2-866A-C878129AEBA3}.Debug|x86.ActiveCfg = Debug|Win32
		{69A51D4E-BA0A-48D2-866A-C878129AEBA3}.Debug|x86.Build.0 = Debug|Win32
		{69A51D4E-BA0A-48D2-866A-C878129AEBA3}.Dll|Any CPU.ActiveCfg = Debug|x64
		{69A51D4E-BA0A-48D2-866A-C878129AEBA3}.Dll|Any CPU.Build.0 = Debug|x64
		{69A51D4E-BA0A-48D2-866A-C878129AEBA3}.Dll|x64.ActiveCfg = Debug|x64
		{69A51D4E-BA0A-48D2-866A-C878129AEBA3}.Dll|x64.Build.0 = Debug|x64
		{69A51D4E-BA0A-48D2-866A-C878129AEBA3}.Dll|x86.ActiveCfg = Debug|Win32
		{69A51D4E-BA0A-48D2-866A-C878129AEBA3}.Dll|x86.Build.0 = Debug|Win32
		{69A51D4E-BA0A-48D2-866A-C878129AEBA3}.Release|Any CPU.ActiveCfg = Release|x64
		{69A51D4E-BA0A-48D2-866A-C878129AEBA3}.Release|Any CPU.Build.0 = Release|x64
		{69A51D4E-BA0A-48D2-866A-C878129AEBA3}.Release|x64.ActiveCfg = Release|x64
		{69A51D4E-BA0A-48D2-866A-C878129AEBA3}.Release|x64.Build.0 = Release|x64
		{69A51D4E-BA0A-48D2-866A-C878129AEBA3}.Release|x86.ActiveCfg = Release|Win32
		{69A51D4E-BA0A-48D2-866A-C878129AEBA3}.Release|x86.Build.0 = Release|Win32
		{5FF5C8C1-FB3B-44C9-8905-5B5BE995735A}.Debug|Any CPU.ActiveCfg = Debug|x64
		{5FF5C8C1-FB3B-44C9-8905-5B5BE995735A}.Debug|Any CPU.Build.0 = Debug|x64
		{5FF5C8C1-FB3B-44C9-8905-5B5BE995735A}.Debug|x64.ActiveCfg = Debug|x64
		{5FF5C8C1-FB3B-44C9-8905-5B5BE995735A}.Debug|x64.Build.0 = Debug|x64
		{5FF5C8C1-FB3B-44C9-8905-5B5BE995735A}.Debug|x86.ActiveCfg = Debug|Win32
		{5FF5C8C1-FB3B-44C9-8905-5B5BE995735A}.Debug|x86.Build.0 = Debug|Win32
		{5FF5C8C1-FB3B-44C9-8905-5B5BE995735A}.Dll|Any CPU.ActiveCfg = Debug|x64
		{5FF5C8C1-FB3B-44C9-8905-5B5BE995735A}.Dll|Any CPU.Build.0 = Debug|x64
		{5FF5C8C1-FB3B-44C9-8905-5B5BE995735A}.Dll|x64.ActiveCfg = Debug|x64
		{5FF5C8C1-FB3B-44C9-8905-5B5BE995735A}.Dll|x64.Build.0 = Debug|x64
		{5FF5C8C1-FB3B-44C9-8905-5B5BE995735A}.Dll|x86.ActiveCfg = Debug|Win32
		{5FF5C8C1-FB3B-44C9-8905-5B5BE995735A}.Dll|x86.Build.0 = Debug|Win32
		{5FF5C8C1-FB3B-44C9-8905-5B5BE995735A}.Release|Any CPU.ActiveCfg = Release|x64
		{5FF5C8C1-FB3B-44C9-8905-5B5BE995735A}.Release|Any CPU.Build.0 = Release|x64
		{5FF5C8C1-FB3B-44C9-8905-5B5BE995735A}.Release|x64.ActiveCfg = Release|x64
		{5FF5C8C1-FB3B-44C9-8905-5B5BE995735A}.Release|x64.Build.0 = Release|x64
		{5FF5C8C1-FB3B-44C9-8905-5B5BE995735A}.Release|x86.ActiveCfg = Release|Win32
		{5FF5C8C1-FB3B-44C9-8905-5B5BE995735A}.Release|x86.Build.0 = Release|Win32
		{BEF087C1-F2CE-4788-95B7-0BA1F19849F0}.Debug|Any CPU.ActiveCfg = Debug|x64
		{BEF087C1-F2CE-4788-95B7-0BA1F19849F0}.Debug|Any CPU.Build.0 = Debug|x64
		{BEF087C1-F2CE-4788-95B7-0BA1F19849F0}.Debug|x64.ActiveCfg = Debug|x64
		{BEF087C1-F2CE-4788-95B7-0BA1F19849F0}.Debug|x64.Build.0 = Debug|x64
		{BEF087C1-F2CE-4788-95B7-0BA1F19849F0}.Debug|x86.ActiveCfg = Debug|Win32
		{BEF087C1-F2CE-4788-95B7-0BA1F19849F0}.Debug|x86.Build.0 = Debug|Win32
		{BEF087C1-F2CE-4788-95B7-0BA1F19849F0}.Dll|Any CPU.ActiveCfg = Debug|x64
		{BEF087C1-F2CE-4788-95B7-0BA1F19849F0}.Dll|Any CPU.Build.0 = Debug|x64
		{BEF087C1-F2CE-4788-95B7-0BA1F19849F0}.Dll|x64.ActiveCfg = Debug|x64
		{BEF087C1-F2CE-4788-95B7-0BA1F19849F0}.Dll|x64.Build.0 = Debug|x64
		{BEF087C1-F2CE-4788-95B7-0BA1F19849F0}.Dll|x86.ActiveCfg = Debug|Win32
		{BEF087C1-F2CE-4788-95B7-0BA1F19849F0}.Dll|x86.Build.0 = Debug|Win32
		{BEF087C1-F2CE-4788-95B7-0BA1F19849F0}.Release|Any CPU.ActiveCfg = Release|x64
		{BEF087C1-F2CE-4788-95B7-0BA1F19849F0}.Release|Any CPU.Build.0 = Release|x64
		{BEF087C1-F2CE-4788-95B7-0BA1F19849F0}.Release|x64.ActiveCfg = Release|x64
		{BEF087C1-F2CE-4788-95B7-0BA1F19849F0}.Release|x64.Build.0 = Release|x64
		{BEF087C1-F2CE-4788-95B7-0BA1F19849F0}.Release|x86.ActiveCfg = Release|Win32
		{BEF087C1-F2CE-4788-95B7-0BA1F19849F0}.Release|x86.Build.0 = Release|Win32
		{8FE2B874-C3ED-42A9-BADF-2C7BE73F93B3}.Debug|Any CPU.ActiveCfg = Debug|Any CPU
		{8FE2B874-C3ED-42A9-BADF-2C7BE73F93B3}.Debug|Any CPU.Build.0 = Debug|Any CPU
		{8FE2B874-C3ED-42A9-BADF-2C7BE73F93B3}.Debug|x64.ActiveCfg = Debug|Any CPU
		{8FE2B874-C3ED-42A9-BADF-2C7BE73F93B3}.Debug|x64.Build.0 = Debug|Any CPU
		{8FE2B874-C3ED-42A9-BADF-2C7BE73F93B3}.Debug|x86.ActiveCfg = Debug|Any CPU
		{8FE2B874-C3ED-42A9-BADF-2C7BE73F93B3}.Debug|x86.Build.0 = Debug|Any CPU
		{8FE2B874-C3ED-42A9-BADF-2C7BE73F93B3}.Dll|Any CPU.ActiveCfg = Debug|Any CPU
		{8FE2B874-C3ED-42A9-BADF-2C7BE73F93B3}.Dll|Any CPU.Build.0 = Debug|Any CPU
		{8FE2B874-C3ED-42A9-BADF-2C7BE73F93B3}.Dll|x64.ActiveCfg = Debug|Any CPU
		{8FE2B874-C3ED-42A9-BADF-2C7BE73F93B3}.Dll|x64.Build.0 = Debug|Any CPU
		{8FE2B874-C3ED-42A9-BADF-2C7BE73F93B3}.Dll|x86.ActiveCfg = Debug|Any CPU
		{8FE2B874-C3ED-42A9-BADF-2C7BE73F93B3}.Dll|x86.Build.0 = Debug|Any CPU
		{8FE2B874-C3ED-42A9-BADF-2C7BE73F93B3}.Release|Any CPU.ActiveCfg = Release|Any CPU
		{8FE2B874-C3ED-42A9-BADF-2C7BE73F93B3}.Release|Any CPU.Build.0 = Release|Any CPU
		{8FE2B874-C3ED-42A9-BADF-2C7BE73F93B3}.Release|x64.ActiveCfg = Release|Any CPU
		{8FE2B874-C3ED-42A9-BADF-2C7BE73F93B3}.Release|x64.Build.0 = Release|Any CPU
		{8FE2B874-C3ED-42A9-BADF-2C7BE73F93B3}.Release|x86.ActiveCfg = Release|Any CPU
		{8FE2B874-C3ED-42A9-BADF-2C7BE73F93B3}.Release|x86.Build.0 = Release|Any CPU
		{2DCE01E9-82B3-4B39-A11F-32060FE77A68}.Debug|Any CPU.ActiveCfg = Debug|x64
		{2DCE01E9-82B3-4B39-A11F-32060FE77A68}.Debug|Any CPU.Build.0 = Debug|x64
		{2DCE01E9-82B3-4B39-A11F-32060FE77A68}.Debug|x64.ActiveCfg = Debug|x64
		{2DCE01E9-82B3-4B39-A11F-32060FE77A68}.Debug|x64.Build.0 = Debug|x64
		{2DCE01E9-82B3-4B39-A11F-32060FE77A68}.Debug|x86.ActiveCfg = Debug|Win32
		{2DCE01E9-82B3-4B39-A11F-32060FE77A68}.Debug|x86.Build.0 = Debug|Win32
		{2DCE01E9-82B3-4B39-A11F-32060FE77A68}.Dll|Any CPU.ActiveCfg = Debug|x64
		{2DCE01E9-82B3-4B39-A11F-32060FE77A68}.Dll|Any CPU.Build.0 = Debug|x64
		{2DCE01E9-82B3-4B39-A11F-32060FE77A68}.Dll|x64.ActiveCfg = Debug|x64
		{2DCE01E9-82B3-4B39-A11F-32060FE77A68}.Dll|x64.Build.0 = Debug|x64
		{2DCE01E9-82B3-4B39-A11F-32060FE77A68}.Dll|x86.ActiveCfg = Debug|Win32
		{2DCE01E9-82B3-4B39-A11F-32060FE77A68}.Dll|x86.Build.0 = Debug|Win32
		{2DCE01E9-82B3-4B39-A11F-32060FE77A68}.Release|Any CPU.ActiveCfg = Release|x64
		{2DCE01E9-82B3-4B39-A11F-32060FE77A68}.Release|Any CPU.Build.0 = Release|x64
		{2DCE01E9-82B3-4B39-A11F-32060FE77A68}.Release|x64.ActiveCfg = Release|x64
		{2DCE01E9-82B3-4B39-A11F-32060FE77A68}.Release|x64.Build.0 = Release|x64
		{2DCE01E9-82B3-4B39-A11F-32060FE77A68}.Release|x86.ActiveCfg = Release|Win32
		{2DCE01E9-82B3-4B39-A11F-32060FE77A68}.Release|x86.Build.0 = Release|Win32
	EndGlobalSection
	GlobalSection(SolutionProperties) = preSolution
		HideSolutionNode = FALSE
	EndGlobalSection
	GlobalSection(ExtensibilityGlobals) = postSolution
		SolutionGuid = {6087C244-4DAB-4304-A580-DAAF79C3ED7E}
	EndGlobalSection
EndGlobal
